
Microsoft Visual Studio Solution File, Format Version 12.00
# Visual Studio Version 17
VisualStudioVersion = 17.1.32210.238
MinimumVisualStudioVersion = 10.0.40219.1
Project("{9A19103F-16F7-4668-BE54-9A1E7A4F7556}") = "P01.SecretChat", "P01.SecretChat\P01.SecretChat.csproj", "{1A95B536-B111-436C-9935-B66E98CBB8A0}"
EndProject
Project("{9A19103F-16F7-4668-BE54-9A1E7A4F7556}") = "P02.FancyBarcodes", "P02.FancyBarcodes\P02.FancyBarcodes.csproj", "{A37C88F2-98A2-48C5-8919-4AFF3679AB54}"
EndProject
Project("{9A19103F-16F7-4668-BE54-9A1E7A4F7556}") = "P03.Pirates", "P03.Pirates\P03.Pirates.csproj", "{86D5F075-4D29-4CC1-A1DF-F7A08128B641}"
EndProject
Project("{9A19103F-16F7-4668-BE54-9A1E7A4F7556}") = "02. Mirror Words", "02. Mirror Words\02. Mirror Words.csproj", "{CA92932C-190B-4CBC-B6C2-756E500058C0}"
EndProject
Project("{9A19103F-16F7-4668-BE54-9A1E7A4F7556}") = "01. Password Reset", "01. Password Reset\01. Password Reset.csproj", "{279EA438-C362-441D-A195-AE0C8B1E23E5}"
EndProject
Project("{9A19103F-16F7-4668-BE54-9A1E7A4F7556}") = "01. World Tour", "01. World Tour\01. World Tour.csproj", "{97667BC9-43C3-4699-BC8A-40C61A9E7B34}"
EndProject
Project("{9A19103F-16F7-4668-BE54-9A1E7A4F7556}") = "02. Destination Mapper", "02. Destination Mapper\02. Destination Mapper.csproj", "{D0FCBF26-5CBB-45BF-A3C1-A1A4AF53B52C}"
EndProject
Project("{9A19103F-16F7-4668-BE54-9A1E7A4F7556}") = "03. Plant Discovery", "03. Plant Discovery\03. Plant Discovery.csproj", "{60073953-4F1E-4020-B5DA-B3D9A4740671}"
EndProject
Project("{9A19103F-16F7-4668-BE54-9A1E7A4F7556}") = "P03.PlantDiscoveryWithClass", "P03.PlantDiscoveryWithClass\P03.PlantDiscoveryWithClass.csproj", "{8A4557E8-52FA-4A01-AEB7-BE5AB5BCB176}"
EndProject
Project("{9A19103F-16F7-4668-BE54-9A1E7A4F7556}") = "01. The Imitation Game", "01. The Imitation Game\01. The Imitation Game.csproj", "{E6C6E4CF-C431-41BB-A73A-59FD84952D43}"
EndProject
Project("{9A19103F-16F7-4668-BE54-9A1E7A4F7556}") = "02. Ad Astra", "02. Ad Astra\02. Ad Astra.csproj", "{F6FCAD30-A00A-4281-818B-B0633F6AE48F}"
EndProject
Project("{9A19103F-16F7-4668-BE54-9A1E7A4F7556}") = "DEMO", "DEMO\DEMO.csproj", "{5A59795C-880D-486B-AB58-E7DCAC0D5260}"
EndProject
Project("{9A19103F-16F7-4668-BE54-9A1E7A4F7556}") = "Problem 3 - Need for Speed III", "Problem 3 - Need for Speed III\Problem 3 - Need for Speed III.csproj", "{AA7DE628-52EA-46E5-8F52-0E28A28EF1F5}"
EndProject
Project("{9A19103F-16F7-4668-BE54-9A1E7A4F7556}") = "03. The Pianist", "03. The Pianist\03. The Pianist.csproj", "{0E23475F-BC85-425B-BA69-6B1DBDEABF0F}"
EndProject
Project("{FAE04EC0-301F-11D3-BF4B-00C04F79EFBC}") = "01. String Game", "01. String Game\01. String Game.csproj", "{FAC980AC-EB54-4A2C-A3C3-7D9E136D64E0}"
EndProject
Project("{FAE04EC0-301F-11D3-BF4B-00C04F79EFBC}") = "02. Message Decrypter", "02. Message Decrypter\02. Message Decrypter.csproj", "{9BCFEEC9-3778-42DD-95F4-45A2B47CF2EA}"
EndProject
Project("{FAE04EC0-301F-11D3-BF4B-00C04F79EFBC}") = "03. Wild Zoo", "03. Wild Zoo\03. Wild Zoo.csproj", "{57AAD2CA-6B0D-41A5-A641-EF1F70DC5890}"
EndProject
Project("{FAE04EC0-301F-11D3-BF4B-00C04F79EFBC}") = "ConsoleApp1", "ConsoleApp1\ConsoleApp1.csproj", "{4116FBDE-89ED-49F4-BC93-F694CCF85B4B}"
EndProject
Global
	GlobalSection(SolutionConfigurationPlatforms) = preSolution
		Debug|Any CPU = Debug|Any CPU
		Release|Any CPU = Release|Any CPU
	EndGlobalSection
	GlobalSection(ProjectConfigurationPlatforms) = postSolution
		{1A95B536-B111-436C-9935-B66E98CBB8A0}.Debug|Any CPU.ActiveCfg = Debug|Any CPU
		{1A95B536-B111-436C-9935-B66E98CBB8A0}.Debug|Any CPU.Build.0 = Debug|Any CPU
		{1A95B536-B111-436C-9935-B66E98CBB8A0}.Release|Any CPU.ActiveCfg = Release|Any CPU
		{1A95B536-B111-436C-9935-B66E98CBB8A0}.Release|Any CPU.Build.0 = Release|Any CPU
		{A37C88F2-98A2-48C5-8919-4AFF3679AB54}.Debug|Any CPU.ActiveCfg = Debug|Any CPU
		{A37C88F2-98A2-48C5-8919-4AFF3679AB54}.Debug|Any CPU.Build.0 = Debug|Any CPU
		{A37C88F2-98A2-48C5-8919-4AFF3679AB54}.Release|Any CPU.ActiveCfg = Release|Any CPU
		{A37C88F2-98A2-48C5-8919-4AFF3679AB54}.Release|Any CPU.Build.0 = Release|Any CPU
		{86D5F075-4D29-4CC1-A1DF-F7A08128B641}.Debug|Any CPU.ActiveCfg = Debug|Any CPU
		{86D5F075-4D29-4CC1-A1DF-F7A08128B641}.Debug|Any CPU.Build.0 = Debug|Any CPU
		{86D5F075-4D29-4CC1-A1DF-F7A08128B641}.Release|Any CPU.ActiveCfg = Release|Any CPU
		{86D5F075-4D29-4CC1-A1DF-F7A08128B641}.Release|Any CPU.Build.0 = Release|Any CPU
		{CA92932C-190B-4CBC-B6C2-756E500058C0}.Debug|Any CPU.ActiveCfg = Debug|Any CPU
		{CA92932C-190B-4CBC-B6C2-756E500058C0}.Debug|Any CPU.Build.0 = Debug|Any CPU
		{CA92932C-190B-4CBC-B6C2-756E500058C0}.Release|Any CPU.ActiveCfg = Release|Any CPU
		{CA92932C-190B-4CBC-B6C2-756E500058C0}.Release|Any CPU.Build.0 = Release|Any CPU
		{279EA438-C362-441D-A195-AE0C8B1E23E5}.Debug|Any CPU.ActiveCfg = Debug|Any CPU
		{279EA438-C362-441D-A195-AE0C8B1E23E5}.Debug|Any CPU.Build.0 = Debug|Any CPU
		{279EA438-C362-441D-A195-AE0C8B1E23E5}.Release|Any CPU.ActiveCfg = Release|Any CPU
		{279EA438-C362-441D-A195-AE0C8B1E23E5}.Release|Any CPU.Build.0 = Release|Any CPU
		{97667BC9-43C3-4699-BC8A-40C61A9E7B34}.Debug|Any CPU.ActiveCfg = Debug|Any CPU
		{97667BC9-43C3-4699-BC8A-40C61A9E7B34}.Debug|Any CPU.Build.0 = Debug|Any CPU
		{97667BC9-43C3-4699-BC8A-40C61A9E7B34}.Release|Any CPU.ActiveCfg = Release|Any CPU
		{97667BC9-43C3-4699-BC8A-40C61A9E7B34}.Release|Any CPU.Build.0 = Release|Any CPU
		{D0FCBF26-5CBB-45BF-A3C1-A1A4AF53B52C}.Debug|Any CPU.ActiveCfg = Debug|Any CPU
		{D0FCBF26-5CBB-45BF-A3C1-A1A4AF53B52C}.Debug|Any CPU.Build.0 = Debug|Any CPU
		{D0FCBF26-5CBB-45BF-A3C1-A1A4AF53B52C}.Release|Any CPU.ActiveCfg = Release|Any CPU
		{D0FCBF26-5CBB-45BF-A3C1-A1A4AF53B52C}.Release|Any CPU.Build.0 = Release|Any CPU
		{60073953-4F1E-4020-B5DA-B3D9A4740671}.Debug|Any CPU.ActiveCfg = Debug|Any CPU
		{60073953-4F1E-4020-B5DA-B3D9A4740671}.Debug|Any CPU.Build.0 = Debug|Any CPU
		{60073953-4F1E-4020-B5DA-B3D9A4740671}.Release|Any CPU.ActiveCfg = Release|Any CPU
		{60073953-4F1E-4020-B5DA-B3D9A4740671}.Release|Any CPU.Build.0 = Release|Any CPU
		{8A4557E8-52FA-4A01-AEB7-BE5AB5BCB176}.Debug|Any CPU.ActiveCfg = Debug|Any CPU
		{8A4557E8-52FA-4A01-AEB7-BE5AB5BCB176}.Debug|Any CPU.Build.0 = Debug|Any CPU
		{8A4557E8-52FA-4A01-AEB7-BE5AB5BCB176}.Release|Any CPU.ActiveCfg = Release|Any CPU
		{8A4557E8-52FA-4A01-AEB7-BE5AB5BCB176}.Release|Any CPU.Build.0 = Release|Any CPU
		{E6C6E4CF-C431-41BB-A73A-59FD84952D43}.Debug|Any CPU.ActiveCfg = Debug|Any CPU
		{E6C6E4CF-C431-41BB-A73A-59FD84952D43}.Debug|Any CPU.Build.0 = Debug|Any CPU
		{E6C6E4CF-C431-41BB-A73A-59FD84952D43}.Release|Any CPU.ActiveCfg = Release|Any CPU
		{E6C6E4CF-C431-41BB-A73A-59FD84952D43}.Release|Any CPU.Build.0 = Release|Any CPU
		{F6FCAD30-A00A-4281-818B-B0633F6AE48F}.Debug|Any CPU.ActiveCfg = Debug|Any CPU
		{F6FCAD30-A00A-4281-818B-B0633F6AE48F}.Debug|Any CPU.Build.0 = Debug|Any CPU
		{F6FCAD30-A00A-4281-818B-B0633F6AE48F}.Release|Any CPU.ActiveCfg = Release|Any CPU
		{F6FCAD30-A00A-4281-818B-B0633F6AE48F}.Release|Any CPU.Build.0 = Release|Any CPU
		{5A59795C-880D-486B-AB58-E7DCAC0D5260}.Debug|Any CPU.ActiveCfg = Debug|Any CPU
		{5A59795C-880D-486B-AB58-E7DCAC0D5260}.Debug|Any CPU.Build.0 = Debug|Any CPU
		{5A59795C-880D-486B-AB58-E7DCAC0D5260}.Release|Any CPU.ActiveCfg = Release|Any CPU
		{5A59795C-880D-486B-AB58-E7DCAC0D5260}.Release|Any CPU.Build.0 = Release|Any CPU
		{AA7DE628-52EA-46E5-8F52-0E28A28EF1F5}.Debug|Any CPU.ActiveCfg = Debug|Any CPU
		{AA7DE628-52EA-46E5-8F52-0E28A28EF1F5}.Debug|Any CPU.Build.0 = Debug|Any CPU
		{AA7DE628-52EA-46E5-8F52-0E28A28EF1F5}.Release|Any CPU.ActiveCfg = Release|Any CPU
		{AA7DE628-52EA-46E5-8F52-0E28A28EF1F5}.Release|Any CPU.Build.0 = Release|Any CPU
		{0E23475F-BC85-425B-BA69-6B1DBDEABF0F}.Debug|Any CPU.ActiveCfg = Debug|Any CPU
		{0E23475F-BC85-425B-BA69-6B1DBDEABF0F}.Debug|Any CPU.Build.0 = Debug|Any CPU
		{0E23475F-BC85-425B-BA69-6B1DBDEABF0F}.Release|Any CPU.ActiveCfg = Release|Any CPU
		{0E23475F-BC85-425B-BA69-6B1DBDEABF0F}.Release|Any CPU.Build.0 = Release|Any CPU
		{FAC980AC-EB54-4A2C-A3C3-7D9E136D64E0}.Debug|Any CPU.ActiveCfg = Debug|Any CPU
		{FAC980AC-EB54-4A2C-A3C3-7D9E136D64E0}.Debug|Any CPU.Build.0 = Debug|Any CPU
		{FAC980AC-EB54-4A2C-A3C3-7D9E136D64E0}.Release|Any CPU.ActiveCfg = Release|Any CPU
		{FAC980AC-EB54-4A2C-A3C3-7D9E136D64E0}.Release|Any CPU.Build.0 = Release|Any CPU
		{9BCFEEC9-3778-42DD-95F4-45A2B47CF2EA}.Debug|Any CPU.ActiveCfg = Debug|Any CPU
		{9BCFEEC9-3778-42DD-95F4-45A2B47CF2EA}.Debug|Any CPU.Build.0 = Debug|Any CPU
		{9BCFEEC9-3778-42DD-95F4-45A2B47CF2EA}.Release|Any CPU.ActiveCfg = Release|Any CPU
		{9BCFEEC9-3778-42DD-95F4-45A2B47CF2EA}.Release|Any CPU.Build.0 = Release|Any CPU
		{57AAD2CA-6B0D-41A5-A641-EF1F70DC5890}.Debug|Any CPU.ActiveCfg = Debug|Any CPU
		{57AAD2CA-6B0D-41A5-A641-EF1F70DC5890}.Debug|Any CPU.Build.0 = Debug|Any CPU
		{57AAD2CA-6B0D-41A5-A641-EF1F70DC5890}.Release|Any CPU.ActiveCfg = Release|Any CPU
		{57AAD2CA-6B0D-41A5-A641-EF1F70DC5890}.Release|Any CPU.Build.0 = Release|Any CPU
		{4116FBDE-89ED-49F4-BC93-F694CCF85B4B}.Debug|Any CPU.ActiveCfg = Debug|Any CPU
		{4116FBDE-89ED-49F4-BC93-F694CCF85B4B}.Debug|Any CPU.Build.0 = Debug|Any CPU
		{4116FBDE-89ED-49F4-BC93-F694CCF85B4B}.Release|Any CPU.ActiveCfg = Release|Any CPU
		{4116FBDE-89ED-49F4-BC93-F694CCF85B4B}.Release|Any CPU.Build.0 = Release|Any CPU
	EndGlobalSection
	GlobalSection(SolutionProperties) = preSolution
		HideSolutionNode = FALSE
	EndGlobalSection
	GlobalSection(ExtensibilityGlobals) = postSolution
		SolutionGuid = {E0F446DF-697A-454F-91E4-418FB0C4DD2E}
	EndGlobalSection
EndGlobal
